
Microsoft Visual Studio Solution File, Format Version 12.00
# Visual Studio 2012
Project("{FAE04EC0-301F-11D3-BF4B-00C04F79EFBC}") = "Source-tunnelGUI", "Source-tunnelGUI\Source-tunnelGUI.csproj", "{D260F2E4-03EB-4F24-A5B1-160CC57C5987}"
EndProject
Global
	GlobalSection(SolutionConfigurationPlatforms) = preSolution
		Debug|Any CPU = Debug|Any CPU
		Release|Any CPU = Release|Any CPU
	EndGlobalSection
	GlobalSection(ProjectConfigurationPlatforms) = postSolution
		{D260F2E4-03EB-4F24-A5B1-160CC57C5987}.Debug|Any CPU.ActiveCfg = Debug|Any CPU
		{D260F2E4-03EB-4F24-A5B1-160CC57C5987}.Debug|Any CPU.Build.0 = Debug|Any CPU
		{D260F2E4-03EB-4F24-A5B1-160CC57C5987}.Release|Any CPU.ActiveCfg = Release|Any CPU
		{D260F2E4-03EB-4F24-A5B1-160CC57C5987}.Release|Any CPU.Build.0 = Release|Any CPU
	EndGlobalSection
	GlobalSection(SolutionProperties) = preSolution
		HideSolutionNode = FALSE
	EndGlobalSection
EndGlobal
